<Solution>
  <Folder Name="/Building Blocks/">
    <Project Path="building-blocks/BuildingBlocks.Api/BuildingBlocks.Api.csproj" Id="75d03acf-b035-4a51-a85a-794c9c615bb2" />
    <Project Path="building-blocks/BuildingBlocks.Contracts/BuildingBlocks.Contracts.csproj" />
    <Project Path="building-blocks/BuildingBlocks.EventBus/BuildingBlocks.EventBus.csproj" />
    <Project Path="building-blocks/BuildingBlocks.Infrastructure/BuildingBlocks.Infrastructure.csproj" Id="7577b3a6-7e13-401e-b8f4-b5101f7647f5" />
    <Project Path="building-blocks/BuildingBlocks.SharedKernel/BuildingBlocks.SharedKernel.csproj" />
  </Folder>
  <Folder Name="/Services/" />
  <Folder Name="/Services/Event/">
    <Project Path="src/EventService/Event.Api/Events.Api.csproj" Id="d7fcebdc-3a25-42a5-a84f-fc601f3be26c" />
    <Project Path="src/EventService/Event.Application/Events.Application.csproj" Id="04f377fe-1b6d-4dfd-8c25-ee8b5ae13ed0" />
    <Project Path="src/EventService/Event.Domain/Events.Domain.csproj" Id="dc861a87-e394-4f6a-bce6-f353cdd7b834" />
    <Project Path="src/EventService/Event.Infrastructure/Events.Infrastructure.csproj" Id="0bcf37bb-7638-4b55-9f07-bad26c7331d4" />
  </Folder>
  <Folder Name="/Services/Identity/">
    <Project Path="src/IdentityService/Identity.Api/Identity.Api.csproj" />
    <Project Path="src/IdentityService/Identity.Application/Identity.Application.csproj" />
    <Project Path="src/IdentityService/Identity.Domain/Identity.Domain.csproj" />
    <Project Path="src/IdentityService/Identity.Infrastructure/Identity.Infrastructure.csproj" />
  </Folder>
  <Folder Name="/Services/Ticketing/">
    <Project Path="src/TicketingService/Ticketing.Api/Ticketing.Api.csproj" />
    <Project Path="src/TicketingService/Ticketing.Application/Ticketing.Application.csproj" />
    <Project Path="src/TicketingService/Ticketing.Domain/Ticketing.Domain.csproj" />
    <Project Path="src/TicketingService/Ticketing.Infrastructure/Ticketing.Infrastructure.csproj" />
  </Folder>
  <Folder Name="/Services/Order/">
    <Project Path="src/OrderService/Order.Api/Order.Api.csproj" />
    <Project Path="src/OrderService/Order.Application/Order.Application.csproj" />
    <Project Path="src/OrderService/Order.Domain/Order.Domain.csproj" />
    <Project Path="src/OrderService/Order.Infrastructure/Order.Infrastructure.csproj" />
  </Folder>
  <Folder Name="/Services/Payment/">
    <Project Path="src/PaymentService/Payment.Api/Payment.Api.csproj" />
    <Project Path="src/PaymentService/Payment.Application/Payment.Application.csproj" />
    <Project Path="src/PaymentService/Payment.Domain/Payment.Domain.csproj" />
    <Project Path="src/PaymentService/Payment.Infrastructure/Payment.Infrastructure.csproj" />
  </Folder>
  <Folder Name="/Services/Notification/">
    <Project Path="src/NotificationService/Notification.Api/Notification.Api.csproj" />
    <Project Path="src/NotificationService/Notification.Application/Notification.Application.csproj" />
    <Project Path="src/NotificationService/Notification.Domain/Notification.Domain.csproj" />
    <Project Path="src/NotificationService/Notification.Infrastructure/Notification.Infrastructure.csproj" />
  </Folder>
  <Folder Name="/Services/Admission/">
    <Project Path="src/AdmissionService/Admission.Api/Admission.Api.csproj" />
    <Project Path="src/AdmissionService/Admission.Application/Admission.Application.csproj" />
    <Project Path="src/AdmissionService/Admission.Domain/Admission.Domain.csproj" />
    <Project Path="src/AdmissionService/Admission.Infrastructure/Admission.Infrastructure.csproj" />
  </Folder>
  <Folder Name="/Gateway/">
    <Project Path="src/ApiGateway/EventHub.Gateway/EventHub.Gateway.csproj" />
  </Folder>
</Solution>
