<Solution>
  <Folder Name="/Building Blocks/">
    <Project Path="building-blocks/BuildingBlocks.Api/BuildingBlocks.Api.csproj" Id="75d03acf-b035-4a51-a85a-794c9c615bb2" />
    <Project Path="building-blocks/BuildingBlocks.Contracts/BuildingBlocks.Contracts.csproj" />
    <Project Path="building-blocks/BuildingBlocks.EventBus/BuildingBlocks.EventBus.csproj" />
    <Project Path="building-blocks/BuildingBlocks.Infrastructure/BuildingBlocks.Infrastructure.csproj" Id="7577b3a6-7e13-401e-b8f4-b5101f7647f5" />
    <Project Path="building-blocks/BuildingBlocks.SharedKernel/BuildingBlocks.SharedKernel.csproj" />
  </Folder>
  <Folder Name="/Services/" />
  <Folder Name="/Services/Identity/">
    <Project Path="src/IdentityService/Identity.Api/Identity.Api.csproj" />
    <Project Path="src/IdentityService/Identity.Application/Identity.Application.csproj" />
    <Project Path="src/IdentityService/Identity.Domain/Identity.Domain.csproj" />
    <Project Path="src/IdentityService/Identity.Infrastructure/Identity.Infrastructure.csproj" />
  </Folder>
</Solution>
